
Microsoft Visual Studio Solution File, Format Version 12.00
# Visual Studio Version 17
VisualStudioVersion = 17.7.34221.43
MinimumVisualStudioVersion = 10.0.40219.1
Project("{FAE04EC0-301F-11D3-BF4B-00C04F79EFBC}") = "LabirintGame", "LabirintGame\LabirintGame.csproj", "{7778AC93-3FEF-448B-A415-7DFA7A6F30BB}"
EndProject
Global
	GlobalSection(SolutionConfigurationPlatforms) = preSolution
		Debug|Any CPU = Debug|Any CPU
		Release|Any CPU = Release|Any CPU
	EndGlobalSection
	GlobalSection(ProjectConfigurationPlatforms) = postSolution
		{7778AC93-3FEF-448B-A415-7DFA7A6F30BB}.Debug|Any CPU.ActiveCfg = Debug|Any CPU
		{7778AC93-3FEF-448B-A415-7DFA7A6F30BB}.Debug|Any CPU.Build.0 = Debug|Any CPU
		{7778AC93-3FEF-448B-A415-7DFA7A6F30BB}.Release|Any CPU.ActiveCfg = Release|Any CPU
		{7778AC93-3FEF-448B-A415-7DFA7A6F30BB}.Release|Any CPU.Build.0 = Release|Any CPU
	EndGlobalSection
	GlobalSection(SolutionProperties) = preSolution
		HideSolutionNode = FALSE
	EndGlobalSection
	GlobalSection(ExtensibilityGlobals) = postSolution
		SolutionGuid = {55A75BE8-2E26-4029-878F-BF36721FB2C5}
	EndGlobalSection
EndGlobal
